// !$*UTF8*$!
{
	archiveVersion = 1;
	classes = {
	};
	objectVersion = 55;
	objects = {

/* Begin PBXBuildFile section */
		420A1A03282D81DC00FCE4CC /* LogadoViewController.swift in Sources */ = {isa = PBXBuildFile; fileRef = 420A1A02282D81DC00FCE4CC /* LogadoViewController.swift */; };
		424581A0282C12AC00AACA30 /* AdicionarEnderecoViewController.swift in Sources */ = {isa = PBXBuildFile; fileRef = 4245819F282C12AC00AACA30 /* AdicionarEnderecoViewController.swift */; };
		424581A2282C12EB00AACA30 /* ConfirmacaoViewController.swift in Sources */ = {isa = PBXBuildFile; fileRef = 424581A1282C12EB00AACA30 /* ConfirmacaoViewController.swift */; };
		4246AF95282015450059ED98 /* Trip.swift in Sources */ = {isa = PBXBuildFile; fileRef = 4246AF94282015440059ED98 /* Trip.swift */; };
		425601442822E58600AC5EAC /* LoginViewController.swift in Sources */ = {isa = PBXBuildFile; fileRef = 425601432822E58600AC5EAC /* LoginViewController.swift */; };
		42560185282481F000AC5EAC /* projetoGulliverTravellerTests.swift in Sources */ = {isa = PBXBuildFile; fileRef = 42560184282481F000AC5EAC /* projetoGulliverTravellerTests.swift */; };
		42D5978A2820682800342E35 /* CadastroViewController.swift in Sources */ = {isa = PBXBuildFile; fileRef = 42D597892820682800342E35 /* CadastroViewController.swift */; };
		42D5978F28206B5200342E35 /* FirebaseAuth in Frameworks */ = {isa = PBXBuildFile; productRef = 42D5978E28206B5200342E35 /* FirebaseAuth */; };
		42D5979128206B5200342E35 /* FirebaseDatabase in Frameworks */ = {isa = PBXBuildFile; productRef = 42D5979028206B5200342E35 /* FirebaseDatabase */; };
		42D5979328206B5200342E35 /* FirebaseFirestore in Frameworks */ = {isa = PBXBuildFile; productRef = 42D5979228206B5200342E35 /* FirebaseFirestore */; };
		42D5979528206B5200342E35 /* FirebaseStorage in Frameworks */ = {isa = PBXBuildFile; productRef = 42D5979428206B5200342E35 /* FirebaseStorage */; };
		42D5979728206DFE00342E35 /* GoogleService-Info.plist in Resources */ = {isa = PBXBuildFile; fileRef = 42D5979628206DFE00342E35 /* GoogleService-Info.plist */; };
		42F02F99281C8B3A000A10C9 /* AppDelegate.swift in Sources */ = {isa = PBXBuildFile; fileRef = 42F02F98281C8B3A000A10C9 /* AppDelegate.swift */; };
		42F02F9B281C8B3A000A10C9 /* SceneDelegate.swift in Sources */ = {isa = PBXBuildFile; fileRef = 42F02F9A281C8B3A000A10C9 /* SceneDelegate.swift */; };
		42F02F9D281C8B3A000A10C9 /* HomeViewController.swift in Sources */ = {isa = PBXBuildFile; fileRef = 42F02F9C281C8B3A000A10C9 /* HomeViewController.swift */; };
		42F02FA0281C8B3A000A10C9 /* Main.storyboard in Resources */ = {isa = PBXBuildFile; fileRef = 42F02F9E281C8B3A000A10C9 /* Main.storyboard */; };
		42F02FA2281C8B3B000A10C9 /* Assets.xcassets in Resources */ = {isa = PBXBuildFile; fileRef = 42F02FA1281C8B3B000A10C9 /* Assets.xcassets */; };
		42F02FA5281C8B3B000A10C9 /* LaunchScreen.storyboard in Resources */ = {isa = PBXBuildFile; fileRef = 42F02FA3281C8B3B000A10C9 /* LaunchScreen.storyboard */; };
		42F02FAD281C92CC000A10C9 /* VidaNoturnaViewController.swift in Sources */ = {isa = PBXBuildFile; fileRef = 42F02FAC281C92CC000A10C9 /* VidaNoturnaViewController.swift */; };
		42F02FAF281C974C000A10C9 /* VidaNoturnaTableViewCell.swift in Sources */ = {isa = PBXBuildFile; fileRef = 42F02FAE281C974C000A10C9 /* VidaNoturnaTableViewCell.swift */; };
		42F02FB1281CA5EF000A10C9 /* BannerCollectionViewCell.swift in Sources */ = {isa = PBXBuildFile; fileRef = 42F02FB0281CA5EF000A10C9 /* BannerCollectionViewCell.swift */; };
/* End PBXBuildFile section */

/* Begin PBXContainerItemProxy section */
		42560186282481F000AC5EAC /* PBXContainerItemProxy */ = {
			isa = PBXContainerItemProxy;
			containerPortal = 42F02F8D281C8B3A000A10C9 /* Project object */;
			proxyType = 1;
			remoteGlobalIDString = 42F02F94281C8B3A000A10C9;
			remoteInfo = projetoGulliverTraveller;
		};
/* End PBXContainerItemProxy section */

/* Begin PBXFileReference section */
		420A1A02282D81DC00FCE4CC /* LogadoViewController.swift */ = {isa = PBXFileReference; lastKnownFileType = sourcecode.swift; path = LogadoViewController.swift; sourceTree = "<group>"; };
		4245819F282C12AC00AACA30 /* AdicionarEnderecoViewController.swift */ = {isa = PBXFileReference; lastKnownFileType = sourcecode.swift; path = AdicionarEnderecoViewController.swift; sourceTree = "<group>"; };
		424581A1282C12EB00AACA30 /* ConfirmacaoViewController.swift */ = {isa = PBXFileReference; lastKnownFileType = sourcecode.swift; path = ConfirmacaoViewController.swift; sourceTree = "<group>"; };
		4246AF94282015440059ED98 /* Trip.swift */ = {isa = PBXFileReference; lastKnownFileType = sourcecode.swift; path = Trip.swift; sourceTree = "<group>"; };
		425601432822E58600AC5EAC /* LoginViewController.swift */ = {isa = PBXFileReference; lastKnownFileType = sourcecode.swift; path = LoginViewController.swift; sourceTree = "<group>"; };
		42560182282481F000AC5EAC /* projetoGulliverTravellerTests.xctest */ = {isa = PBXFileReference; explicitFileType = wrapper.cfbundle; includeInIndex = 0; path = projetoGulliverTravellerTests.xctest; sourceTree = BUILT_PRODUCTS_DIR; };
		42560184282481F000AC5EAC /* projetoGulliverTravellerTests.swift */ = {isa = PBXFileReference; lastKnownFileType = sourcecode.swift; path = projetoGulliverTravellerTests.swift; sourceTree = "<group>"; };
		42D597892820682800342E35 /* CadastroViewController.swift */ = {isa = PBXFileReference; lastKnownFileType = sourcecode.swift; path = CadastroViewController.swift; sourceTree = "<group>"; };
		42D5979628206DFE00342E35 /* GoogleService-Info.plist */ = {isa = PBXFileReference; fileEncoding = 4; lastKnownFileType = text.plist.xml; path = "GoogleService-Info.plist"; sourceTree = "<group>"; };
		42F02F95281C8B3A000A10C9 /* projetoGulliverTraveller.app */ = {isa = PBXFileReference; explicitFileType = wrapper.application; includeInIndex = 0; path = projetoGulliverTraveller.app; sourceTree = BUILT_PRODUCTS_DIR; };
		42F02F98281C8B3A000A10C9 /* AppDelegate.swift */ = {isa = PBXFileReference; lastKnownFileType = sourcecode.swift; path = AppDelegate.swift; sourceTree = "<group>"; };
		42F02F9A281C8B3A000A10C9 /* SceneDelegate.swift */ = {isa = PBXFileReference; lastKnownFileType = sourcecode.swift; path = SceneDelegate.swift; sourceTree = "<group>"; };
		42F02F9C281C8B3A000A10C9 /* HomeViewController.swift */ = {isa = PBXFileReference; lastKnownFileType = sourcecode.swift; path = HomeViewController.swift; sourceTree = "<group>"; };
		42F02F9F281C8B3A000A10C9 /* Base */ = {isa = PBXFileReference; lastKnownFileType = file.storyboard; name = Base; path = Base.lproj/Main.storyboard; sourceTree = "<group>"; };
		42F02FA1281C8B3B000A10C9 /* Assets.xcassets */ = {isa = PBXFileReference; lastKnownFileType = folder.assetcatalog; path = Assets.xcassets; sourceTree = "<group>"; };
		42F02FA4281C8B3B000A10C9 /* Base */ = {isa = PBXFileReference; lastKnownFileType = file.storyboard; name = Base; path = Base.lproj/LaunchScreen.storyboard; sourceTree = "<group>"; };
		42F02FA6281C8B3B000A10C9 /* Info.plist */ = {isa = PBXFileReference; lastKnownFileType = text.plist.xml; path = Info.plist; sourceTree = "<group>"; };
		42F02FAC281C92CC000A10C9 /* VidaNoturnaViewController.swift */ = {isa = PBXFileReference; lastKnownFileType = sourcecode.swift; path = VidaNoturnaViewController.swift; sourceTree = "<group>"; };
		42F02FAE281C974C000A10C9 /* VidaNoturnaTableViewCell.swift */ = {isa = PBXFileReference; lastKnownFileType = sourcecode.swift; path = VidaNoturnaTableViewCell.swift; sourceTree = "<group>"; };
		42F02FB0281CA5EF000A10C9 /* BannerCollectionViewCell.swift */ = {isa = PBXFileReference; lastKnownFileType = sourcecode.swift; path = BannerCollectionViewCell.swift; sourceTree = "<group>"; };
/* End PBXFileReference section */

/* Begin PBXFrameworksBuildPhase section */
		4256017F282481F000AC5EAC /* Frameworks */ = {
			isa = PBXFrameworksBuildPhase;
			buildActionMask = 2147483647;
			files = (
			);
			runOnlyForDeploymentPostprocessing = 0;
		};
		42F02F92281C8B3A000A10C9 /* Frameworks */ = {
			isa = PBXFrameworksBuildPhase;
			buildActionMask = 2147483647;
			files = (
				42D5979128206B5200342E35 /* FirebaseDatabase in Frameworks */,
				42D5979528206B5200342E35 /* FirebaseStorage in Frameworks */,
				42D5978F28206B5200342E35 /* FirebaseAuth in Frameworks */,
				42D5979328206B5200342E35 /* FirebaseFirestore in Frameworks */,
			);
			runOnlyForDeploymentPostprocessing = 0;
		};
/* End PBXFrameworksBuildPhase section */

/* Begin PBXGroup section */
		420A1A01282D81C300FCE4CC /* Logado */ = {
			isa = PBXGroup;
			children = (
				420A1A02282D81DC00FCE4CC /* LogadoViewController.swift */,
			);
			path = Logado;
			sourceTree = "<group>";
		};
		42458198282C110E00AACA30 /* View */ = {
			isa = PBXGroup;
			children = (
				42458199282C112000AACA30 /* Controller */,
			);
			path = View;
			sourceTree = "<group>";
		};
		42458199282C112000AACA30 /* Controller */ = {
			isa = PBXGroup;
			children = (
				420A1A01282D81C300FCE4CC /* Logado */,
				4245819E282C121900AACA30 /* Vida Noturna */,
				4245819D282C11DB00AACA30 /* Cadastro */,
				4245819C282C11C800AACA30 /* Login */,
				4245819B282C11B100AACA30 /* Home */,
				42F02F98281C8B3A000A10C9 /* AppDelegate.swift */,
				42F02F9A281C8B3A000A10C9 /* SceneDelegate.swift */,
				42F02F9E281C8B3A000A10C9 /* Main.storyboard */,
				42F02FA3281C8B3B000A10C9 /* LaunchScreen.storyboard */,
			);
			path = Controller;
			sourceTree = "<group>";
		};
		4245819A282C119300AACA30 /* Model */ = {
			isa = PBXGroup;
			children = (
				4246AF94282015440059ED98 /* Trip.swift */,
			);
			path = Model;
			sourceTree = "<group>";
		};
		4245819B282C11B100AACA30 /* Home */ = {
			isa = PBXGroup;
			children = (
				42F02FB0281CA5EF000A10C9 /* BannerCollectionViewCell.swift */,
				42F02F9C281C8B3A000A10C9 /* HomeViewController.swift */,
			);
			path = Home;
			sourceTree = "<group>";
		};
		4245819C282C11C800AACA30 /* Login */ = {
			isa = PBXGroup;
			children = (
				425601432822E58600AC5EAC /* LoginViewController.swift */,
			);
			path = Login;
			sourceTree = "<group>";
		};
		4245819D282C11DB00AACA30 /* Cadastro */ = {
			isa = PBXGroup;
			children = (
				42D597892820682800342E35 /* CadastroViewController.swift */,
				4245819F282C12AC00AACA30 /* AdicionarEnderecoViewController.swift */,
				424581A1282C12EB00AACA30 /* ConfirmacaoViewController.swift */,
			);
			path = Cadastro;
			sourceTree = "<group>";
		};
		4245819E282C121900AACA30 /* Vida Noturna */ = {
			isa = PBXGroup;
			children = (
				42F02FAC281C92CC000A10C9 /* VidaNoturnaViewController.swift */,
				42F02FAE281C974C000A10C9 /* VidaNoturnaTableViewCell.swift */,
			);
			path = "Vida Noturna";
			sourceTree = "<group>";
		};
		42560183282481F000AC5EAC /* projetoGulliverTravellerTests */ = {
			isa = PBXGroup;
			children = (
				42560184282481F000AC5EAC /* projetoGulliverTravellerTests.swift */,
			);
			path = projetoGulliverTravellerTests;
			sourceTree = "<group>";
		};
		42F02F8C281C8B3A000A10C9 = {
			isa = PBXGroup;
			children = (
				42F02F97281C8B3A000A10C9 /* projetoGulliverTraveller */,
				42560183282481F000AC5EAC /* projetoGulliverTravellerTests */,
				42F02F96281C8B3A000A10C9 /* Products */,
			);
			sourceTree = "<group>";
		};
		42F02F96281C8B3A000A10C9 /* Products */ = {
			isa = PBXGroup;
			children = (
				42F02F95281C8B3A000A10C9 /* projetoGulliverTraveller.app */,
				42560182282481F000AC5EAC /* projetoGulliverTravellerTests.xctest */,
			);
			name = Products;
			sourceTree = "<group>";
		};
		42F02F97281C8B3A000A10C9 /* projetoGulliverTraveller */ = {
			isa = PBXGroup;
			children = (
				4245819A282C119300AACA30 /* Model */,
				42458198282C110E00AACA30 /* View */,
				42F02FA1281C8B3B000A10C9 /* Assets.xcassets */,
				42D5979628206DFE00342E35 /* GoogleService-Info.plist */,
				42F02FA6281C8B3B000A10C9 /* Info.plist */,
			);
			path = projetoGulliverTraveller;
			sourceTree = "<group>";
		};
/* End PBXGroup section */

/* Begin PBXNativeTarget section */
		42560181282481F000AC5EAC /* projetoGulliverTravellerTests */ = {
			isa = PBXNativeTarget;
			buildConfigurationList = 42560188282481F000AC5EAC /* Build configuration list for PBXNativeTarget "projetoGulliverTravellerTests" */;
			buildPhases = (
				4256017E282481F000AC5EAC /* Sources */,
				4256017F282481F000AC5EAC /* Frameworks */,
				42560180282481F000AC5EAC /* Resources */,
			);
			buildRules = (
			);
			dependencies = (
				42560187282481F000AC5EAC /* PBXTargetDependency */,
			);
			name = projetoGulliverTravellerTests;
			productName = projetoGulliverTravellerTests;
			productReference = 42560182282481F000AC5EAC /* projetoGulliverTravellerTests.xctest */;
			productType = "com.apple.product-type.bundle.unit-test";
		};
		42F02F94281C8B3A000A10C9 /* projetoGulliverTraveller */ = {
			isa = PBXNativeTarget;
			buildConfigurationList = 42F02FA9281C8B3B000A10C9 /* Build configuration list for PBXNativeTarget "projetoGulliverTraveller" */;
			buildPhases = (
				42F02F91281C8B3A000A10C9 /* Sources */,
				42F02F92281C8B3A000A10C9 /* Frameworks */,
				42F02F93281C8B3A000A10C9 /* Resources */,
			);
			buildRules = (
			);
			dependencies = (
			);
			name = projetoGulliverTraveller;
			packageProductDependencies = (
				42D5978E28206B5200342E35 /* FirebaseAuth */,
				42D5979028206B5200342E35 /* FirebaseDatabase */,
				42D5979228206B5200342E35 /* FirebaseFirestore */,
				42D5979428206B5200342E35 /* FirebaseStorage */,
			);
			productName = projetoGulliverTraveller;
			productReference = 42F02F95281C8B3A000A10C9 /* projetoGulliverTraveller.app */;
			productType = "com.apple.product-type.application";
		};
/* End PBXNativeTarget section */

/* Begin PBXProject section */
		42F02F8D281C8B3A000A10C9 /* Project object */ = {
			isa = PBXProject;
			attributes = {
				BuildIndependentTargetsInParallel = 1;
				LastSwiftUpdateCheck = 1310;
				LastUpgradeCheck = 1310;
				TargetAttributes = {
					42560181282481F000AC5EAC = {
						CreatedOnToolsVersion = 13.1;
						TestTargetID = 42F02F94281C8B3A000A10C9;
					};
					42F02F94281C8B3A000A10C9 = {
						CreatedOnToolsVersion = 13.1;
					};
				};
			};
			buildConfigurationList = 42F02F90281C8B3A000A10C9 /* Build configuration list for PBXProject "projetoGulliverTraveller" */;
			compatibilityVersion = "Xcode 13.0";
			developmentRegion = en;
			hasScannedForEncodings = 0;
			knownRegions = (
				en,
				Base,
			);
			mainGroup = 42F02F8C281C8B3A000A10C9;
			packageReferences = (
				42D5978D28206B5200342E35 /* XCRemoteSwiftPackageReference "firebase-ios-sdk" */,
			);
			productRefGroup = 42F02F96281C8B3A000A10C9 /* Products */;
			projectDirPath = "";
			projectRoot = "";
			targets = (
				42F02F94281C8B3A000A10C9 /* projetoGulliverTraveller */,
				42560181282481F000AC5EAC /* projetoGulliverTravellerTests */,
			);
		};
/* End PBXProject section */

/* Begin PBXResourcesBuildPhase section */
		42560180282481F000AC5EAC /* Resources */ = {
			isa = PBXResourcesBuildPhase;
			buildActionMask = 2147483647;
			files = (
			);
			runOnlyForDeploymentPostprocessing = 0;
		};
		42F02F93281C8B3A000A10C9 /* Resources */ = {
			isa = PBXResourcesBuildPhase;
			buildActionMask = 2147483647;
			files = (
				42F02FA5281C8B3B000A10C9 /* LaunchScreen.storyboard in Resources */,
				42D5979728206DFE00342E35 /* GoogleService-Info.plist in Resources */,
				42F02FA2281C8B3B000A10C9 /* Assets.xcassets in Resources */,
				42F02FA0281C8B3A000A10C9 /* Main.storyboard in Resources */,
			);
			runOnlyForDeploymentPostprocessing = 0;
		};
/* End PBXResourcesBuildPhase section */

/* Begin PBXSourcesBuildPhase section */
		4256017E282481F000AC5EAC /* Sources */ = {
			isa = PBXSourcesBuildPhase;
			buildActionMask = 2147483647;
			files = (
				42560185282481F000AC5EAC /* projetoGulliverTravellerTests.swift in Sources */,
			);
			runOnlyForDeploymentPostprocessing = 0;
		};
		42F02F91281C8B3A000A10C9 /* Sources */ = {
			isa = PBXSourcesBuildPhase;
			buildActionMask = 2147483647;
			files = (
				4246AF95282015450059ED98 /* Trip.swift in Sources */,
				42D5978A2820682800342E35 /* CadastroViewController.swift in Sources */,
				424581A2282C12EB00AACA30 /* ConfirmacaoViewController.swift in Sources */,
				42F02FB1281CA5EF000A10C9 /* BannerCollectionViewCell.swift in Sources */,
				42F02FAF281C974C000A10C9 /* VidaNoturnaTableViewCell.swift in Sources */,
				42F02FAD281C92CC000A10C9 /* VidaNoturnaViewController.swift in Sources */,
				42F02F9D281C8B3A000A10C9 /* HomeViewController.swift in Sources */,
				424581A0282C12AC00AACA30 /* AdicionarEnderecoViewController.swift in Sources */,
				42F02F99281C8B3A000A10C9 /* AppDelegate.swift in Sources */,
				425601442822E58600AC5EAC /* LoginViewController.swift in Sources */,
				420A1A03282D81DC00FCE4CC /* LogadoViewController.swift in Sources */,
				42F02F9B281C8B3A000A10C9 /* SceneDelegate.swift in Sources */,
			);
			runOnlyForDeploymentPostprocessing = 0;
		};
/* End PBXSourcesBuildPhase section */

/* Begin PBXTargetDependency section */
		42560187282481F000AC5EAC /* PBXTargetDependency */ = {
			isa = PBXTargetDependency;
			target = 42F02F94281C8B3A000A10C9 /* projetoGulliverTraveller */;
			targetProxy = 42560186282481F000AC5EAC /* PBXContainerItemProxy */;
		};
/* End PBXTargetDependency section */

/* Begin PBXVariantGroup section */
		42F02F9E281C8B3A000A10C9 /* Main.storyboard */ = {
			isa = PBXVariantGroup;
			children = (
				42F02F9F281C8B3A000A10C9 /* Base */,
			);
			name = Main.storyboard;
			sourceTree = "<group>";
		};
		42F02FA3281C8B3B000A10C9 /* LaunchScreen.storyboard */ = {
			isa = PBXVariantGroup;
			children = (
				42F02FA4281C8B3B000A10C9 /* Base */,
			);
			name = LaunchScreen.storyboard;
			sourceTree = "<group>";
		};
/* End PBXVariantGroup section */

/* Begin XCBuildConfiguration section */
		42560189282481F000AC5EAC /* Debug */ = {
			isa = XCBuildConfiguration;
			buildSettings = {
				BUNDLE_LOADER = "$(TEST_HOST)";
				CODE_SIGN_STYLE = Automatic;
				CURRENT_PROJECT_VERSION = 1;
				DEVELOPMENT_TEAM = CTDN3273R3;
				GENERATE_INFOPLIST_FILE = YES;
				LD_RUNPATH_SEARCH_PATHS = (
					"$(inherited)",
					"@executable_path/Frameworks",
					"@loader_path/Frameworks",
				);
				MARKETING_VERSION = 1.0;
				PRODUCT_BUNDLE_IDENTIFIER = vhenriquebm.projetoGulliverTravellerTests;
				PRODUCT_NAME = "$(TARGET_NAME)";
				SWIFT_EMIT_LOC_STRINGS = NO;
				SWIFT_VERSION = 5.0;
				TARGETED_DEVICE_FAMILY = "1,2";
				TEST_HOST = "$(BUILT_PRODUCTS_DIR)/projetoGulliverTraveller.app/projetoGulliverTraveller";
			};
			name = Debug;
		};
		4256018A282481F000AC5EAC /* Release */ = {
			isa = XCBuildConfiguration;
			buildSettings = {
				BUNDLE_LOADER = "$(TEST_HOST)";
				CODE_SIGN_STYLE = Automatic;
				CURRENT_PROJECT_VERSION = 1;
				DEVELOPMENT_TEAM = CTDN3273R3;
				GENERATE_INFOPLIST_FILE = YES;
				LD_RUNPATH_SEARCH_PATHS = (
					"$(inherited)",
					"@executable_path/Frameworks",
					"@loader_path/Frameworks",
				);
				MARKETING_VERSION = 1.0;
				PRODUCT_BUNDLE_IDENTIFIER = vhenriquebm.projetoGulliverTravellerTests;
				PRODUCT_NAME = "$(TARGET_NAME)";
				SWIFT_EMIT_LOC_STRINGS = NO;
				SWIFT_VERSION = 5.0;
				TARGETED_DEVICE_FAMILY = "1,2";
				TEST_HOST = "$(BUILT_PRODUCTS_DIR)/projetoGulliverTraveller.app/projetoGulliverTraveller";
			};
			name = Release;
		};
		42F02FA7281C8B3B000A10C9 /* Debug */ = {
			isa = XCBuildConfiguration;
			buildSettings = {
				ALWAYS_SEARCH_USER_PATHS = NO;
				CLANG_ANALYZER_NONNULL = YES;
				CLANG_ANALYZER_NUMBER_OBJECT_CONVERSION = YES_AGGRESSIVE;
				CLANG_CXX_LANGUAGE_STANDARD = "gnu++17";
				CLANG_CXX_LIBRARY = "libc++";
				CLANG_ENABLE_MODULES = YES;
				CLANG_ENABLE_OBJC_ARC = YES;
				CLANG_ENABLE_OBJC_WEAK = YES;
				CLANG_WARN_BLOCK_CAPTURE_AUTORELEASING = YES;
				CLANG_WARN_BOOL_CONVERSION = YES;
				CLANG_WARN_COMMA = YES;
				CLANG_WARN_CONSTANT_CONVERSION = YES;
				CLANG_WARN_DEPRECATED_OBJC_IMPLEMENTATIONS = YES;
				CLANG_WARN_DIRECT_OBJC_ISA_USAGE = YES_ERROR;
				CLANG_WARN_DOCUMENTATION_COMMENTS = YES;
				CLANG_WARN_EMPTY_BODY = YES;
				CLANG_WARN_ENUM_CONVERSION = YES;
				CLANG_WARN_INFINITE_RECURSION = YES;
				CLANG_WARN_INT_CONVERSION = YES;
				CLANG_WARN_NON_LITERAL_NULL_CONVERSION = YES;
				CLANG_WARN_OBJC_IMPLICIT_RETAIN_SELF = YES;
				CLANG_WARN_OBJC_LITERAL_CONVERSION = YES;
				CLANG_WARN_OBJC_ROOT_CLASS = YES_ERROR;
				CLANG_WARN_QUOTED_INCLUDE_IN_FRAMEWORK_HEADER = YES;
				CLANG_WARN_RANGE_LOOP_ANALYSIS = YES;
				CLANG_WARN_STRICT_PROTOTYPES = YES;
				CLANG_WARN_SUSPICIOUS_MOVE = YES;
				CLANG_WARN_UNGUARDED_AVAILABILITY = YES_AGGRESSIVE;
				CLANG_WARN_UNREACHABLE_CODE = YES;
				CLANG_WARN__DUPLICATE_METHOD_MATCH = YES;
				COPY_PHASE_STRIP = NO;
				DEBUG_INFORMATION_FORMAT = dwarf;
				ENABLE_STRICT_OBJC_MSGSEND = YES;
				ENABLE_TESTABILITY = YES;
				GCC_C_LANGUAGE_STANDARD = gnu11;
				GCC_DYNAMIC_NO_PIC = NO;
				GCC_NO_COMMON_BLOCKS = YES;
				GCC_OPTIMIZATION_LEVEL = 0;
				GCC_PREPROCESSOR_DEFINITIONS = (
					"DEBUG=1",
					"$(inherited)",
				);
				GCC_WARN_64_TO_32_BIT_CONVERSION = YES;
				GCC_WARN_ABOUT_RETURN_TYPE = YES_ERROR;
				GCC_WARN_UNDECLARED_SELECTOR = YES;
				GCC_WARN_UNINITIALIZED_AUTOS = YES_AGGRESSIVE;
				GCC_WARN_UNUSED_FUNCTION = YES;
				GCC_WARN_UNUSED_VARIABLE = YES;
				IPHONEOS_DEPLOYMENT_TARGET = 15.0;
				MTL_ENABLE_DEBUG_INFO = INCLUDE_SOURCE;
				MTL_FAST_MATH = YES;
				ONLY_ACTIVE_ARCH = YES;
				SDKROOT = iphoneos;
				SWIFT_ACTIVE_COMPILATION_CONDITIONS = DEBUG;
				SWIFT_OPTIMIZATION_LEVEL = "-Onone";
			};
			name = Debug;
		};
		42F02FA8281C8B3B000A10C9 /* Release */ = {
			isa = XCBuildConfiguration;
			buildSettings = {
				ALWAYS_SEARCH_USER_PATHS = NO;
				CLANG_ANALYZER_NONNULL = YES;
				CLANG_ANALYZER_NUMBER_OBJECT_CONVERSION = YES_AGGRESSIVE;
				CLANG_CXX_LANGUAGE_STANDARD = "gnu++17";
				CLANG_CXX_LIBRARY = "libc++";
				CLANG_ENABLE_MODULES = YES;
				CLANG_ENABLE_OBJC_ARC = YES;
				CLANG_ENABLE_OBJC_WEAK = YES;
				CLANG_WARN_BLOCK_CAPTURE_AUTORELEASING = YES;
				CLANG_WARN_BOOL_CONVERSION = YES;
				CLANG_WARN_COMMA = YES;
				CLANG_WARN_CONSTANT_CONVERSION = YES;
				CLANG_WARN_DEPRECATED_OBJC_IMPLEMENTATIONS = YES;
				CLANG_WARN_DIRECT_OBJC_ISA_USAGE = YES_ERROR;
				CLANG_WARN_DOCUMENTATION_COMMENTS = YES;
				CLANG_WARN_EMPTY_BODY = YES;
				CLANG_WARN_ENUM_CONVERSION = YES;
				CLANG_WARN_INFINITE_RECURSION = YES;
				CLANG_WARN_INT_CONVERSION = YES;
				CLANG_WARN_NON_LITERAL_NULL_CONVERSION = YES;
				CLANG_WARN_OBJC_IMPLICIT_RETAIN_SELF = YES;
				CLANG_WARN_OBJC_LITERAL_CONVERSION = YES;
				CLANG_WARN_OBJC_ROOT_CLASS = YES_ERROR;
				CLANG_WARN_QUOTED_INCLUDE_IN_FRAMEWORK_HEADER = YES;
				CLANG_WARN_RANGE_LOOP_ANALYSIS = YES;
				CLANG_WARN_STRICT_PROTOTYPES = YES;
				CLANG_WARN_SUSPICIOUS_MOVE = YES;
				CLANG_WARN_UNGUARDED_AVAILABILITY = YES_AGGRESSIVE;
				CLANG_WARN_UNREACHABLE_CODE = YES;
				CLANG_WARN__DUPLICATE_METHOD_MATCH = YES;
				COPY_PHASE_STRIP = NO;
				DEBUG_INFORMATION_FORMAT = "dwarf-with-dsym";
				ENABLE_NS_ASSERTIONS = NO;
				ENABLE_STRICT_OBJC_MSGSEND = YES;
				GCC_C_LANGUAGE_STANDARD = gnu11;
				GCC_NO_COMMON_BLOCKS = YES;
				GCC_WARN_64_TO_32_BIT_CONVERSION = YES;
				GCC_WARN_ABOUT_RETURN_TYPE = YES_ERROR;
				GCC_WARN_UNDECLARED_SELECTOR = YES;
				GCC_WARN_UNINITIALIZED_AUTOS = YES_AGGRESSIVE;
				GCC_WARN_UNUSED_FUNCTION = YES;
				GCC_WARN_UNUSED_VARIABLE = YES;
				IPHONEOS_DEPLOYMENT_TARGET = 15.0;
				MTL_ENABLE_DEBUG_INFO = NO;
				MTL_FAST_MATH = YES;
				SDKROOT = iphoneos;
				SWIFT_COMPILATION_MODE = wholemodule;
				SWIFT_OPTIMIZATION_LEVEL = "-O";
				VALIDATE_PRODUCT = YES;
			};
			name = Release;
		};
		42F02FAA281C8B3B000A10C9 /* Debug */ = {
			isa = XCBuildConfiguration;
			buildSettings = {
				ASSETCATALOG_COMPILER_APPICON_NAME = AppIcon;
				ASSETCATALOG_COMPILER_GLOBAL_ACCENT_COLOR_NAME = AccentColor;
				CODE_SIGN_STYLE = Automatic;
				CURRENT_PROJECT_VERSION = 1;
				DEVELOPMENT_TEAM = CTDN3273R3;
				GENERATE_INFOPLIST_FILE = YES;
				INFOPLIST_FILE = projetoGulliverTraveller/Info.plist;
				INFOPLIST_KEY_UIApplicationSupportsIndirectInputEvents = YES;
				INFOPLIST_KEY_UILaunchStoryboardName = LaunchScreen;
				INFOPLIST_KEY_UIMainStoryboardFile = Main;
				INFOPLIST_KEY_UISupportedInterfaceOrientations_iPad = "UIInterfaceOrientationPortrait UIInterfaceOrientationPortraitUpsideDown UIInterfaceOrientationLandscapeLeft UIInterfaceOrientationLandscapeRight";
				INFOPLIST_KEY_UISupportedInterfaceOrientations_iPhone = "UIInterfaceOrientationPortrait UIInterfaceOrientationLandscapeLeft UIInterfaceOrientationLandscapeRight";
				LD_RUNPATH_SEARCH_PATHS = (
					"$(inherited)",
					"@executable_path/Frameworks",
				);
				MARKETING_VERSION = 1.0;
				PRODUCT_BUNDLE_IDENTIFIER = vhenriquebm.projetoGulliverTraveller;
				PRODUCT_NAME = "$(TARGET_NAME)";
				SWIFT_EMIT_LOC_STRINGS = YES;
				SWIFT_VERSION = 5.0;
				TARGETED_DEVICE_FAMILY = "1,2";
			};
			name = Debug;
		};
		42F02FAB281C8B3B000A10C9 /* Release */ = {
			isa = XCBuildConfiguration;
			buildSettings = {
				ASSETCATALOG_COMPILER_APPICON_NAME = AppIcon;
				ASSETCATALOG_COMPILER_GLOBAL_ACCENT_COLOR_NAME = AccentColor;
				CODE_SIGN_STYLE = Automatic;
				CURRENT_PROJECT_VERSION = 1;
				DEVELOPMENT_TEAM = CTDN3273R3;
				GENERATE_INFOPLIST_FILE = YES;
				INFOPLIST_FILE = projetoGulliverTraveller/Info.plist;
				INFOPLIST_KEY_UIApplicationSupportsIndirectInputEvents = YES;
				INFOPLIST_KEY_UILaunchStoryboardName = LaunchScreen;
				INFOPLIST_KEY_UIMainStoryboardFile = Main;
				INFOPLIST_KEY_UISupportedInterfaceOrientations_iPad = "UIInterfaceOrientationPortrait UIInterfaceOrientationPortraitUpsideDown UIInterfaceOrientationLandscapeLeft UIInterfaceOrientationLandscapeRight";
				INFOPLIST_KEY_UISupportedInterfaceOrientations_iPhone = "UIInterfaceOrientationPortrait UIInterfaceOrientationLandscapeLeft UIInterfaceOrientationLandscapeRight";
				LD_RUNPATH_SEARCH_PATHS = (
					"$(inherited)",
					"@executable_path/Frameworks",
				);
				MARKETING_VERSION = 1.0;
				PRODUCT_BUNDLE_IDENTIFIER = vhenriquebm.projetoGulliverTraveller;
				PRODUCT_NAME = "$(TARGET_NAME)";
				SWIFT_EMIT_LOC_STRINGS = YES;
				SWIFT_VERSION = 5.0;
				TARGETED_DEVICE_FAMILY = "1,2";
			};
			name = Release;
		};
/* End XCBuildConfiguration section */

/* Begin XCConfigurationList section */
		42560188282481F000AC5EAC /* Build configuration list for PBXNativeTarget "projetoGulliverTravellerTests" */ = {
			isa = XCConfigurationList;
			buildConfigurations = (
				42560189282481F000AC5EAC /* Debug */,
				4256018A282481F000AC5EAC /* Release */,
			);
			defaultConfigurationIsVisible = 0;
			defaultConfigurationName = Release;
		};
		42F02F90281C8B3A000A10C9 /* Build configuration list for PBXProject "projetoGulliverTraveller" */ = {
			isa = XCConfigurationList;
			buildConfigurations = (
				42F02FA7281C8B3B000A10C9 /* Debug */,
				42F02FA8281C8B3B000A10C9 /* Release */,
			);
			defaultConfigurationIsVisible = 0;
			defaultConfigurationName = Release;
		};
		42F02FA9281C8B3B000A10C9 /* Build configuration list for PBXNativeTarget "projetoGulliverTraveller" */ = {
			isa = XCConfigurationList;
			buildConfigurations = (
				42F02FAA281C8B3B000A10C9 /* Debug */,
				42F02FAB281C8B3B000A10C9 /* Release */,
			);
			defaultConfigurationIsVisible = 0;
			defaultConfigurationName = Release;
		};
/* End XCConfigurationList section */

/* Begin XCRemoteSwiftPackageReference section */
		42D5978D28206B5200342E35 /* XCRemoteSwiftPackageReference "firebase-ios-sdk" */ = {
			isa = XCRemoteSwiftPackageReference;
			repositoryURL = "https://github.com/firebase/firebase-ios-sdk";
			requirement = {
				kind = upToNextMajorVersion;
				minimumVersion = 8.0.0;
			};
		};
/* End XCRemoteSwiftPackageReference section */

/* Begin XCSwiftPackageProductDependency section */
		42D5978E28206B5200342E35 /* FirebaseAuth */ = {
			isa = XCSwiftPackageProductDependency;
			package = 42D5978D28206B5200342E35 /* XCRemoteSwiftPackageReference "firebase-ios-sdk" */;
			productName = FirebaseAuth;
		};
		42D5979028206B5200342E35 /* FirebaseDatabase */ = {
			isa = XCSwiftPackageProductDependency;
			package = 42D5978D28206B5200342E35 /* XCRemoteSwiftPackageReference "firebase-ios-sdk" */;
			productName = FirebaseDatabase;
		};
		42D5979228206B5200342E35 /* FirebaseFirestore */ = {
			isa = XCSwiftPackageProductDependency;
			package = 42D5978D28206B5200342E35 /* XCRemoteSwiftPackageReference "firebase-ios-sdk" */;
			productName = FirebaseFirestore;
		};
		42D5979428206B5200342E35 /* FirebaseStorage */ = {
			isa = XCSwiftPackageProductDependency;
			package = 42D5978D28206B5200342E35 /* XCRemoteSwiftPackageReference "firebase-ios-sdk" */;
			productName = FirebaseStorage;
		};
/* End XCSwiftPackageProductDependency section */
	};
	rootObject = 42F02F8D281C8B3A000A10C9 /* Project object */;
}
